
Microsoft Visual Studio Solution File, Format Version 9.00
# Visual Studio 2005
Project("{8BC9CEB8-8B4A-11D0-8D11-00A0C91BC942}") = "OpenPaint", "OpenPaint.vcproj", "{C7C1284C-394E-4F2E-B9B1-77BAADA2473A}"
EndProject
Global
	GlobalSection(SolutionConfigurationPlatforms) = preSolution
		Debug|Win32 = Debug|Win32
		Release|Win32 = Release|Win32
	EndGlobalSection
	GlobalSection(ProjectConfigurationPlatforms) = postSolution
		{C7C1284C-394E-4F2E-B9B1-77BAADA2473A}.Debug|Win32.ActiveCfg = Debug|Win32
		{C7C1284C-394E-4F2E-B9B1-77BAADA2473A}.Debug|Win32.Build.0 = Debug|Win32
		{C7C1284C-394E-4F2E-B9B1-77BAADA2473A}.Release|Win32.ActiveCfg = Release|Win32
		{C7C1284C-394E-4F2E-B9B1-77BAADA2473A}.Release|Win32.Build.0 = Release|Win32
	EndGlobalSection
	GlobalSection(SolutionProperties) = preSolution
		HideSolutionNode = FALSE
	EndGlobalSection
EndGlobal
